# This file is machine-generated by `gh actions-lock`.
# Do not edit by hand; run `gh actions-lock` to update.
# Docs: https://gh.io/actions-lockfile
version: 'v0.0.2'
workflows:
    '.github/workflows/actions-dependency-submission.yml':
        - 'actions/checkout@v7.0.1'
        - 'actions/dependency-review-action@v5.0.0'
        - 'jessehouwing/actions-dependency-submission@v1.0.17'
        - 'step-security/harden-runner@v2.21.1'
    '.github/workflows/actions-example-checker.yaml':
        - 'actions/checkout@v7.0.1'
        - 'jessehouwing/actions-example-checker@v0.0.11'
        - 'step-security/harden-runner@v2.21.1'
    '.github/workflows/actions-semver-checker.yml':
        - 'jessehouwing/actions-semver-checker@v2.1.0'
        - 'step-security/harden-runner@v2.21.1'
    '.github/workflows/check-dist.yml':
        - 'actions/checkout@v7.0.1'
        - 'actions/setup-node@v7.0.0'
        - 'actions/upload-artifact@v7.0.1'
        - 'step-security/harden-runner@v2.21.1'
    '.github/workflows/ci.yml':
        - 'actions/checkout@v7.0.1'
        - 'actions/setup-node@v7.0.0'
        - 'codecov/codecov-action@v7.0.0'
        - 'step-security/harden-runner@v2.21.1'
    '.github/workflows/codeql.yml':
        - 'actions/checkout@v7.0.1'
        - 'github/codeql-action@v4.37.9'
        - 'step-security/harden-runner@v2.21.1'
    '.github/workflows/copilot-setup-steps.yml':
        - 'actions/checkout@v7.0.1'
        - 'actions/setup-node@v7.0.0'
        - 'actions/setup-python@v7.0.0'
        - 'step-security/harden-runner@v2.21.1'
    '.github/workflows/dependabot-actions-lock.yml':
        - 'actions/checkout@v7.0.1'
        - 'step-security/harden-runner@v2.21.1'
    '.github/workflows/linter.yml':
        - 'actions/checkout@v7.0.1'
        - 'actions/setup-node@v7.0.0'
        - 'step-security/harden-runner@v2.21.1'
    '.github/workflows/pre-commit.yml':
        - 'actions/checkout@v7.0.1'
        - 'actions/setup-node@v7.0.0'
        - 'actions/setup-python@v7.0.0'
        - 'step-security/harden-runner@v2.21.1'
    '.github/workflows/release-test-github-actions.yml':
        - 'actions/checkout@v7.0.1'
        - 'actions/setup-node@v7.0.0'
        - 'azure/login@v3.0.2'
        - 'step-security/harden-runner@v2.21.1'
    '.github/workflows/release.yml':
        - 'actions/attest-build-provenance@v4.0.0'
        - 'actions/checkout@v7.0.1'
        - 'actions/download-artifact@v8.0.1'
        - 'actions/setup-node@v7.0.0'
        - 'actions/setup-python@v7.0.0'
        - 'actions/upload-artifact@v7.0.1'
        - 'azure/login@v3.0.2'
        - 'jessehouwing/actions-example-checker@v0.0.11'
        - 'jessehouwing/actions-semver-checker@v2.1.0'
        - 'jessehouwing/azdo-marketplace@v6.2.10'
        - 'step-security/harden-runner@v2.21.1'
    '.github/workflows/scorecard.yml':
        - 'actions/checkout@v7.0.1'
        - 'actions/upload-artifact@v7.0.1'
        - 'github/codeql-action@v4.37.9'
        - 'ossf/scorecard-action@v2.4.4'
        - 'step-security/harden-runner@v2.21.1'
    '.github/workflows/unit-tests.yml':
        - 'actions/checkout@v7.0.1'
        - 'actions/setup-node@v7.0.0'
        - 'step-security/harden-runner@v2.21.1'
    '.github/workflows/zizmor.yml':
        - 'actions/checkout@v7.0.1'
        - 'actions/setup-python@v7.0.0'
        - 'github/codeql-action@v4.37.9'
        - 'step-security/harden-runner@v2.21.1'
dependencies:
    'actions/attest-build-provenance@v4.0.0':
        ref: 'v4.0.0'
        commit: 'sha1-e4d4f7c39adfa4c260fb5c147f0622000aa14b99'
        owner_id: 44036562
        repo_id: 760702757
        uses:
            - 'actions/attest@c32b4b8b198b65d0bd9d63490e847ff7b53989d4'
    'actions/attest@c32b4b8b198b65d0bd9d63490e847ff7b53989d4':
        ref: 'v4.0.0'
        commit: 'sha1-c32b4b8b198b65d0bd9d63490e847ff7b53989d4'
        owner_id: 44036562
        repo_id: 760701061
    'actions/checkout@v7.0.1':
        ref: 'v7.0.1'
        commit: 'sha1-3d3c42e5aac5ba805825da76410c181273ba90b1'
        owner_id: 44036562
        repo_id: 197814629
    'actions/dependency-review-action@v5.0.0':
        ref: 'v5.0.0'
        commit: 'sha1-a1d282b36b6f3519aa1f3fc636f609c47dddb294'
        owner_id: 44036562
        repo_id: 476372928
    'actions/download-artifact@v8.0.1':
        ref: 'v8.0.1'
        commit: 'sha1-3e5f45b2cfb9172054b4087a40e8e0b5a5461e7c'
        owner_id: 44036562
        repo_id: 192626254
    'actions/github-script@ed597411d8f924073f98dfc5c65a23a2325f34cd':
        ref: 'v8.0.0'
        commit: 'sha1-ed597411d8f924073f98dfc5c65a23a2325f34cd'
        owner_id: 44036562
        repo_id: 205262760
    'actions/setup-node@v7.0.0':
        ref: 'v7.0.0'
        commit: 'sha1-820762786026740c76f36085b0efc47a31fe5020'
        owner_id: 44036562
        repo_id: 189476904
    'actions/setup-python@v7.0.0':
        ref: 'v7.0.0'
        commit: 'sha1-5fda3b95a4ea91299a34e894583c3862153e4b97'
        owner_id: 44036562
        repo_id: 192625525
    'actions/upload-artifact@v7.0.1':
        ref: 'v7.0.1'
        commit: 'sha1-043fb46d1a93c77aae656e7c1c64a875d1fc6a0a'
        owner_id: 44036562
        repo_id: 192625955
    'azure/login@v3.0.2':
        ref: 'v3.0.2'
        commit: 'sha1-7ddb5af1ef8758cf1353cf3b42f940aee27ba21c'
        owner_id: 6844498
        repo_id: 210798615
    'codecov/codecov-action@v7.0.0':
        ref: 'v7.0.0'
        commit: 'sha1-fb8b3582c8e4def4969c97caa2f19720cb33a72f'
        owner_id: 8226205
        repo_id: 200299178
        uses:
            - 'actions/github-script@ed597411d8f924073f98dfc5c65a23a2325f34cd'
    'github/codeql-action@v4.37.9':
        ref: 'v4.37.9'
        commit: 'sha1-cdf488f595d80d6e07e03d4674febd5ab45fa938'
        owner_id: 9919
        repo_id: 259445878
    'jessehouwing/actions-dependency-submission@v1.0.17':
        ref: 'v1.0.17'
        commit: 'sha1-aa358ec7aee0a7f2dbaef9702915b28e90879842'
        owner_id: 4173387
        repo_id: 1109249632
    'jessehouwing/actions-example-checker@v0.0.11':
        ref: 'v0.0.11'
        commit: 'sha1-eb2c287585cd48847abc0d3012e861918793561f'
        owner_id: 4173387
        repo_id: 1161059458
    'jessehouwing/actions-semver-checker@v2.1.0':
        ref: 'v2.1.0'
        commit: 'sha1-1d5f1c217079bb5366ed9b12025fcece100f6bc5'
        owner_id: 4173387
        repo_id: 684124547
    'jessehouwing/azdo-marketplace@v6.2.10':
        ref: 'v6.2.10'
        commit: 'sha1-87ee0c10278247f090031ba2ed94660a9f151c3b'
        owner_id: 4173387
        repo_id: 1158033287
    'ossf/scorecard-action@v2.4.4':
        ref: 'v2.4.4'
        commit: 'sha1-2d1146689b8cda280b9bc96326124645441f03bc'
        owner_id: 67707773
        repo_id: 421101922
    'step-security/harden-runner@v2.21.1':
        ref: 'v2.21.1'
        commit: 'sha1-e14015d583714f6e62063499dc959a02595150a1'
        owner_id: 88700172
        repo_id: 422287306
